<?xml version="1.0" encoding="UTF-8" standalone="yes" ?>
<CodeBlocks_project_file>
	<FileVersion major="1" minor="6" />
	<Project>
		<Option title="lunatix-win32" />
		<Option pch_mode="2" />
		<Option compiler="gcc" />
		<Build>
			<Target title="Debug">
				<Option output="bin/Debug/lunatix-demo" prefix_auto="1" extension_auto="1" />
				<Option object_output="obj/Debug/" />
				<Option type="1" />
				<Option compiler="gcc" />
				<Compiler>
					<Add option="-pedantic" />
					<Add option="-Wextra" />
					<Add option="-Wall" />
					<Add option="-g" />
				</Compiler>
			</Target>
			<Target title="Dynamic_library">
				<Option platforms="Windows;" />
				<Option output="build/lunatix" imp_lib="$(TARGET_OUTPUT_DIR)$(TARGET_OUTPUT_BASENAME).a" def_file="$(TARGET_OUTPUT_DIR)$(TARGET_OUTPUT_BASENAME).def" prefix_auto="1" extension_auto="1" />
				<Option type="3" />
				<Option compiler="gcc" />
				<Option createStaticLib="1" />
				<Compiler>
					<Add option="-O3" />
					<Add option="-w" />
				</Compiler>
				<Linker>
					<Add option="-s" />
				</Linker>
			</Target>
		</Build>
		<Compiler>
			<Add option="-march=i486" />
			<Add option="-std=c++11" />
			<Add directory="include" />
		</Compiler>
		<Linker>
			<Add option="-lmingw32 -lSDL2main -lSDL2 -lSDL2_image" />
			<Add option="-lSDL2_ttf -lSDL2_mixer" />
			<Add option="-lOpenGL32 -lglu32" />
			<Add library="lib/win32/libSDL2main.a" />
			<Add library="lib/win32/libSDL2.a" />
			<Add library="lib/win32/libSDL2.dll.a" />
			<Add library="lib/win32/libSDL2_image.a" />
			<Add library="lib/win32/libSDL2_image.dll.a" />
			<Add library="lib/win32/libSDL2_mixer.a" />
			<Add library="lib/win32/libSDL2_mixer.dll.a" />
			<Add library="lib/win32/libSDL2_ttf.a" />
			<Add library="lib/win32/libSDL2_ttf.dll.a" />
			<Add directory="lib/win32" />
		</Linker>
		<Unit filename="include/LunatiX/LX_AABB.hpp" />
		<Unit filename="include/LunatiX/LX_Audio.hpp" />
		<Unit filename="include/LunatiX/LX_Chunk.hpp" />
		<Unit filename="include/LunatiX/LX_Colour.hpp" />
		<Unit filename="include/LunatiX/LX_Config.hpp" />
		<Unit filename="include/LunatiX/LX_Device.hpp" />
		<Unit filename="include/LunatiX/LX_Error.hpp" />
		<Unit filename="include/LunatiX/LX_Event.hpp" />
		<Unit filename="include/LunatiX/LX_FileBuffer.hpp" />
		<Unit filename="include/LunatiX/LX_FileIO.hpp" />
		<Unit filename="include/LunatiX/LX_FileIO.tpp" />
		<Unit filename="include/LunatiX/LX_FileSystem.hpp" />
		<Unit filename="include/LunatiX/LX_Format.hpp" />
		<Unit filename="include/LunatiX/LX_Gamepad.hpp" />
		<Unit filename="include/LunatiX/LX_Graphics.hpp" />
		<Unit filename="include/LunatiX/LX_Haptic.hpp" />
		<Unit filename="include/LunatiX/LX_Hitbox.hpp" />
		<Unit filename="include/LunatiX/LX_Library.hpp" />
		<Unit filename="include/LunatiX/LX_Log.hpp" />
		<Unit filename="include/LunatiX/LX_MessageBox.hpp" />
		<Unit filename="include/LunatiX/LX_Mixer.hpp" />
		<Unit filename="include/LunatiX/LX_Mouse.hpp" />
		<Unit filename="include/LunatiX/LX_Multithread.hpp" />
		<Unit filename="include/LunatiX/LX_Music.hpp" />
		<Unit filename="include/LunatiX/LX_OpenGL.hpp" />
		<Unit filename="include/LunatiX/LX_OpenGL.tpp" />
		<Unit filename="include/LunatiX/LX_Particle.hpp" />
		<Unit filename="include/LunatiX/LX_ParticleSystem.hpp" />
		<Unit filename="include/LunatiX/LX_Physics.hpp" />
		<Unit filename="include/LunatiX/LX_Polygon.hpp" />
		<Unit filename="include/LunatiX/LX_Polygon.tpp">
			<Option compilerVar="CC" />
		</Unit>
		<Unit filename="include/LunatiX/LX_Random.hpp" />
		<Unit filename="include/LunatiX/LX_Sound.hpp" />
		<Unit filename="include/LunatiX/LX_Sync.hpp" />
		<Unit filename="include/LunatiX/LX_SystemInfo.hpp" />
		<Unit filename="include/LunatiX/LX_Text.hpp" />
		<Unit filename="include/LunatiX/LX_Texture.hpp" />
		<Unit filename="include/LunatiX/LX_Thread.hpp" />
		<Unit filename="include/LunatiX/LX_Thread.tpp">
			<Option compilerVar="CC" />
		</Unit>
		<Unit filename="include/LunatiX/LX_Timer.hpp" />
		<Unit filename="include/LunatiX/LX_TrueTypeFont.hpp" />
		<Unit filename="include/LunatiX/LX_Vector2D.hpp" />
		<Unit filename="include/LunatiX/LX_Version.hpp" />
		<Unit filename="include/LunatiX/LX_Window.hpp" />
		<Unit filename="include/LunatiX/LX_WindowManager.hpp" />
		<Unit filename="include/LunatiX/Lunatix.hpp" />
		<Unit filename="include/LunatiX/utils/libtagspp/libtagspp.hpp" />
		<Unit filename="include/LunatiX/utils/libtagspp/tags.h" />
		<Unit filename="include/LunatiX/utils/libtagspp/tagspriv.h" />
		<Unit filename="include/LunatiX/utils/tinythread/fast_mutex.h" />
		<Unit filename="include/LunatiX/utils/tinythread/tinythread.h" />
		<Unit filename="include/LunatiX/utils/utf8_iterator.hpp" />
		<Unit filename="include/LunatiX/utils/utf8_string.hpp" />
		<Unit filename="src/LunatiX/Device/LX_Device.cpp" />
		<Unit filename="src/LunatiX/Device/LX_Gamepad.cpp" />
		<Unit filename="src/LunatiX/Device/LX_Haptic.cpp" />
		<Unit filename="src/LunatiX/Device/LX_Mouse.cpp" />
		<Unit filename="src/LunatiX/FileIO/LX_FileBuffer.cpp" />
		<Unit filename="src/LunatiX/FileIO/LX_FileIO.cpp" />
		<Unit filename="src/LunatiX/Graphics/LX_OpenGL.cpp" />
		<Unit filename="src/LunatiX/Graphics/LX_Texture.cpp" />
		<Unit filename="src/LunatiX/Graphics/LX_Window.cpp" />
		<Unit filename="src/LunatiX/Graphics/LX_WindowManager.cpp" />
		<Unit filename="src/LunatiX/Input/LX_Event.cpp" />
		<Unit filename="src/LunatiX/Library/LX_Config.cpp" />
		<Unit filename="src/LunatiX/Library/LX_Library.cpp" />
		<Unit filename="src/LunatiX/MSGBox/LX_MessageBox.cpp" />
		<Unit filename="src/LunatiX/Mixer/LX_Chunk.cpp" />
		<Unit filename="src/LunatiX/Mixer/LX_Mixer.cpp" />
		<Unit filename="src/LunatiX/Mixer/LX_Music.cpp" />
		<Unit filename="src/LunatiX/Mixer/LX_Sound.cpp" />
		<Unit filename="src/LunatiX/Multithreading/LX_Sync.cpp" />
		<Unit filename="src/LunatiX/Multithreading/LX_Thread.cpp" />
		<Unit filename="src/LunatiX/ParticleEngine/LX_Particle.cpp" />
		<Unit filename="src/LunatiX/ParticleEngine/LX_ParticleSystem.cpp" />
		<Unit filename="src/LunatiX/Physics/LX_Hitbox.cpp" />
		<Unit filename="src/LunatiX/Physics/LX_Physics.cpp" />
		<Unit filename="src/LunatiX/Physics/LX_Polygon.cpp" />
		<Unit filename="src/LunatiX/Physics/LX_Vector2D.cpp" />
		<Unit filename="src/LunatiX/Random/LX_Random.cpp" />
		<Unit filename="src/LunatiX/System/LX_FileSystem.cpp" />
		<Unit filename="src/LunatiX/System/LX_Log.cpp" />
		<Unit filename="src/LunatiX/System/LX_SystemInfo.cpp" />
		<Unit filename="src/LunatiX/Text/LX_Text.cpp" />
		<Unit filename="src/LunatiX/TrueTypeFont/LX_TrueTypeFont.cpp" />
		<Unit filename="src/LunatiX/Utilities/libtagspp/8859.cpp" />
		<Unit filename="src/LunatiX/Utilities/libtagspp/flac.cpp" />
		<Unit filename="src/LunatiX/Utilities/libtagspp/id3genres.cpp" />
		<Unit filename="src/LunatiX/Utilities/libtagspp/id3v1.cpp" />
		<Unit filename="src/LunatiX/Utilities/libtagspp/id3v2.cpp" />
		<Unit filename="src/LunatiX/Utilities/libtagspp/libtagspp.cpp" />
		<Unit filename="src/LunatiX/Utilities/libtagspp/m4a.cpp" />
		<Unit filename="src/LunatiX/Utilities/libtagspp/tags.cpp" />
		<Unit filename="src/LunatiX/Utilities/libtagspp/utf16.cpp" />
		<Unit filename="src/LunatiX/Utilities/libtagspp/vorbis.cpp" />
		<Unit filename="src/LunatiX/Utilities/tinythread/tinythread.cpp">
			<Option compile="0" />
			<Option link="0" />
		</Unit>
		<Unit filename="src/LunatiX/Utilities/utf8_iterator.cpp" />
		<Unit filename="src/LunatiX/Utilities/utf8_string.cpp" />
		<Unit filename="src/LunatiX/Version/LX_Version.cpp" />
		<Unit filename="src/main.cpp">
			<Option target="Debug" />
		</Unit>
		<Extensions>
			<code_completion />
			<envvars />
			<debugger />
		</Extensions>
	</Project>
</CodeBlocks_project_file>
