<?xml version="1.0" encoding="UTF-8" standalone="yes" ?>
<CodeBlocks_project_file>
	<FileVersion major="1" minor="6" />
	<Project>
		<Option title="lunatix-win32" />
		<Option pch_mode="2" />
		<Option compiler="gcc" />
		<Build>
			<Target title="Debug">
				<Option output="bin/Debug/lunatix-demo" prefix_auto="1" extension_auto="1" />
				<Option object_output="obj/Debug/" />
				<Option type="1" />
				<Option compiler="gcc" />
				<Compiler>
					<Add option="-Weffc++" />
					<Add option="-pedantic" />
					<Add option="-Wextra" />
					<Add option="-Wall" />
					<Add option="-g" />
					<Add option="-O0 -Wconversion -Wsign-conversion -Wlogical-op -Wuseless-cast -Wdouble-promotion -Wformat=2 -Wmissing-declarations -Woverloaded-virtual  -fno-common" />
				</Compiler>
			</Target>
			<Target title="Dynamic_library">
				<Option platforms="Windows;" />
				<Option output="build/lunatix" imp_lib="$(TARGET_OUTPUT_DIR)$(TARGET_OUTPUT_BASENAME).a" def_file="$(TARGET_OUTPUT_DIR)$(TARGET_OUTPUT_BASENAME).def" prefix_auto="1" extension_auto="1" />
				<Option type="3" />
				<Option compiler="gcc" />
				<Option createStaticLib="1" />
				<Compiler>
					<Add option="-O3" />
					<Add option="-w" />
				</Compiler>
				<Linker>
					<Add option="-s" />
				</Linker>
			</Target>
		</Build>
		<Compiler>
			<Add directory="include" />
		</Compiler>
		<Linker>
			<Add option="-lmingw32 -lSDL2main -lSDL2 -lSDL2_image" />
			<Add option="-lSDL2_ttf -lSDL2_mixer" />
			<Add option="-lOpenGL32 -lglu32" />
			<Add library="lib/win32/libSDL2main.a" />
			<Add library="lib/win32/libSDL2.a" />
			<Add library="lib/win32/libSDL2.dll.a" />
			<Add library="lib/win32/libSDL2_image.a" />
			<Add library="lib/win32/libSDL2_image.dll.a" />
			<Add library="lib/win32/libSDL2_mixer.a" />
			<Add library="lib/win32/libSDL2_mixer.dll.a" />
			<Add library="lib/win32/libSDL2_ttf.a" />
			<Add library="lib/win32/libSDL2_ttf.dll.a" />
			<Add directory="lib/win32" />
		</Linker>
		<Unit filename="include/Lunatix/Audio.hpp" />
		<Unit filename="include/Lunatix/Chunk.hpp" />
		<Unit filename="include/Lunatix/Colour.hpp" />
		<Unit filename="include/Lunatix/Config.hpp" />
		<Unit filename="include/Lunatix/Device.hpp" />
		<Unit filename="include/Lunatix/Error.hpp" />
		<Unit filename="include/Lunatix/Event.hpp" />
		<Unit filename="include/Lunatix/FileBuffer.hpp" />
		<Unit filename="include/Lunatix/FileIO.hpp" />
		<Unit filename="include/Lunatix/FileIO.tpp" />
		<Unit filename="include/Lunatix/FileSystem.hpp" />
		<Unit filename="include/Lunatix/Format.hpp" />
		<Unit filename="include/Lunatix/Gamepad.hpp" />
		<Unit filename="include/Lunatix/Graphics.hpp" />
		<Unit filename="include/Lunatix/Haptic.hpp" />
		<Unit filename="include/Lunatix/Hitbox.hpp" />
		<Unit filename="include/Lunatix/ImgRect.hpp" />
		<Unit filename="include/Lunatix/Library.hpp" />
		<Unit filename="include/Lunatix/Log.hpp" />
		<Unit filename="include/Lunatix/Lunatix.hpp" />
		<Unit filename="include/Lunatix/MessageBox.hpp" />
		<Unit filename="include/Lunatix/Mixer.hpp" />
		<Unit filename="include/Lunatix/Mouse.hpp" />
		<Unit filename="include/Lunatix/Music.hpp" />
		<Unit filename="include/Lunatix/OpenGL.hpp" />
		<Unit filename="include/Lunatix/OpenGL.tpp" />
		<Unit filename="include/Lunatix/Particle.hpp" />
		<Unit filename="include/Lunatix/ParticleSystem.hpp" />
		<Unit filename="include/Lunatix/Physics.hpp" />
		<Unit filename="include/Lunatix/Polygon.hpp" />
		<Unit filename="include/Lunatix/Polygon.tpp">
			<Option compilerVar="CC" />
		</Unit>
		<Unit filename="include/Lunatix/Random.hpp" />
		<Unit filename="include/Lunatix/Random.tpp" />
		<Unit filename="include/Lunatix/Sound.hpp" />
		<Unit filename="include/Lunatix/SystemInfo.hpp" />
		<Unit filename="include/Lunatix/Text.hpp" />
		<Unit filename="include/Lunatix/Texture.hpp" />
		<Unit filename="include/Lunatix/Thread.hpp" />
		<Unit filename="include/Lunatix/Thread.tpp">
			<Option compilerVar="CC" />
		</Unit>
		<Unit filename="include/Lunatix/Time.hpp" />
		<Unit filename="include/Lunatix/TrueTypeFont.hpp" />
		<Unit filename="include/Lunatix/Vector2D.hpp" />
		<Unit filename="include/Lunatix/Version.hpp" />
		<Unit filename="include/Lunatix/Window.hpp" />
		<Unit filename="include/Lunatix/WindowManager.hpp" />
		<Unit filename="include/Lunatix/utils/float.hpp" />
		<Unit filename="include/Lunatix/utils/libtagspp/libtagspp.hpp" />
		<Unit filename="include/Lunatix/utils/libtagspp/tags.h" />
		<Unit filename="include/Lunatix/utils/libtagspp/tagspriv.h" />
		<Unit filename="include/Lunatix/utils/utf8_iterator.hpp" />
		<Unit filename="include/Lunatix/utils/utf8_string.hpp" />
		<Unit filename="src/Lunatix/Device/Device.cpp" />
		<Unit filename="src/Lunatix/Device/Gamepad.cpp" />
		<Unit filename="src/Lunatix/Device/Haptic.cpp" />
		<Unit filename="src/Lunatix/Device/Mouse.cpp" />
		<Unit filename="src/Lunatix/FileIO/FileBuffer.cpp" />
		<Unit filename="src/Lunatix/FileIO/FileIO.cpp" />
		<Unit filename="src/Lunatix/Graphics/ImgRect.cpp" />
		<Unit filename="src/Lunatix/Graphics/OpenGL.cpp" />
		<Unit filename="src/Lunatix/Graphics/Texture.cpp" />
		<Unit filename="src/Lunatix/Graphics/Window.cpp" />
		<Unit filename="src/Lunatix/Graphics/WindowManager.cpp" />
		<Unit filename="src/Lunatix/Input/Event.cpp" />
		<Unit filename="src/Lunatix/Library/Config.cpp" />
		<Unit filename="src/Lunatix/Library/Library.cpp" />
		<Unit filename="src/Lunatix/MSGBox/MessageBox.cpp" />
		<Unit filename="src/Lunatix/Mixer/Chunk.cpp" />
		<Unit filename="src/Lunatix/Mixer/Mixer.cpp" />
		<Unit filename="src/Lunatix/Mixer/Music.cpp" />
		<Unit filename="src/Lunatix/Mixer/Sound.cpp" />
		<Unit filename="src/Lunatix/Multithreading/Thread.cpp" />
		<Unit filename="src/Lunatix/ParticleEngine/Particle.cpp" />
		<Unit filename="src/Lunatix/ParticleEngine/ParticleSystem.cpp" />
		<Unit filename="src/Lunatix/Physics/Hitbox.cpp" />
		<Unit filename="src/Lunatix/Physics/Physics.cpp" />
		<Unit filename="src/Lunatix/Physics/Polygon.cpp" />
		<Unit filename="src/Lunatix/Physics/Vector2D.cpp" />
		<Unit filename="src/Lunatix/Random/Random.cpp" />
		<Unit filename="src/Lunatix/System/FileSystem.cpp" />
		<Unit filename="src/Lunatix/System/Log.cpp" />
		<Unit filename="src/Lunatix/System/SystemInfo.cpp" />
		<Unit filename="src/Lunatix/Text/Text.cpp" />
		<Unit filename="src/Lunatix/TrueTypeFont/TrueTypeFont.cpp" />
		<Unit filename="src/Lunatix/Utilities/float.cpp" />
		<Unit filename="src/Lunatix/Utilities/libtagspp/8859.cpp" />
		<Unit filename="src/Lunatix/Utilities/libtagspp/flac.cpp" />
		<Unit filename="src/Lunatix/Utilities/libtagspp/id3genres.cpp" />
		<Unit filename="src/Lunatix/Utilities/libtagspp/id3v1.cpp" />
		<Unit filename="src/Lunatix/Utilities/libtagspp/id3v2.cpp" />
		<Unit filename="src/Lunatix/Utilities/libtagspp/libtagspp.cpp" />
		<Unit filename="src/Lunatix/Utilities/libtagspp/m4a.cpp" />
		<Unit filename="src/Lunatix/Utilities/libtagspp/tags.cpp" />
		<Unit filename="src/Lunatix/Utilities/libtagspp/utf16.cpp" />
		<Unit filename="src/Lunatix/Utilities/libtagspp/vorbis.cpp" />
		<Unit filename="src/Lunatix/Utilities/utf8_iterator.cpp" />
		<Unit filename="src/Lunatix/Utilities/utf8_string.cpp" />
		<Unit filename="src/Lunatix/Version/Version.cpp" />
		<Unit filename="src/main.cpp">
			<Option target="Debug" />
		</Unit>
		<Extensions>
			<code_completion />
			<envvars />
			<debugger />
		</Extensions>
	</Project>
</CodeBlocks_project_file>
